# This file is automatically @generated by Cargo.
# It is not intended for manual editing.
version = 3

[[package]]
name = "algo_find"
version = "0.1.0"

[[package]]
name = "algo_full"
version = "0.1.0"
dependencies = [
 "algo_find",
 "algo_sort",
]

[[package]]
name = "algo_sort"
version = "0.1.0"

[[package]]
name = "main"
version = "0.1.0"
dependencies = [
 "algo_full",
]
